{
  "name": "financialForge-Mern",
  "lockfileVersion": 2,
  "requires": true,
  "packages": {
    "": {
      "dependencies": {
        "date-fns": "^2.0.0-beta.5"
      }
    },
    "node_modules/date-fns": {
      "version": "2.0.0-beta.5",
      "resolved": "https://registry.npmjs.org/date-fns/-/date-fns-2.0.0-beta.5.tgz",
      "integrity": "sha512-GS5yi964NDFNoja9yOdWFj9T97T67yLrUeJZgddHaVfc/6tHWtX7RXocuubmZkNzrZUZ9BqBOW7jTR5OoWjJ1w=="
    }
  },
  "dependencies": {
    "date-fns": {
      "version": "2.0.0-beta.5",
      "resolved": "https://registry.npmjs.org/date-fns/-/date-fns-2.0.0-beta.5.tgz",
      "integrity": "sha512-GS5yi964NDFNoja9yOdWFj9T97T67yLrUeJZgddHaVfc/6tHWtX7RXocuubmZkNzrZUZ9BqBOW7jTR5OoWjJ1w=="
    }
  }
}
